
Microsoft Visual Studio Solution File, Format Version 11.00
# Visual Studio 2010
Project("{8BC9CEB8-8B4A-11D0-8D11-00A0C91BC942}") = "myservice", "myservice\myservice.vcxproj", "{196B468D-A5E7-4A05-80E0-A0FAF34DC822}"
EndProject
Global
	GlobalSection(SolutionConfigurationPlatforms) = preSolution
		Debug|Win32 = Debug|Win32
		Release|Win32 = Release|Win32
	EndGlobalSection
	GlobalSection(ProjectConfigurationPlatforms) = postSolution
		{196B468D-A5E7-4A05-80E0-A0FAF34DC822}.Debug|Win32.ActiveCfg = Debug|Win32
		{196B468D-A5E7-4A05-80E0-A0FAF34DC822}.Debug|Win32.Build.0 = Debug|Win32
		{196B468D-A5E7-4A05-80E0-A0FAF34DC822}.Release|Win32.ActiveCfg = Release|Win32
		{196B468D-A5E7-4A05-80E0-A0FAF34DC822}.Release|Win32.Build.0 = Release|Win32
	EndGlobalSection
	GlobalSection(SolutionProperties) = preSolution
		HideSolutionNode = FALSE
	EndGlobalSection
EndGlobal
